
Microsoft Visual Studio Solution File, Format Version 12.00
# Visual Studio Version 17
VisualStudioVersion = 17.7.34018.315
MinimumVisualStudioVersion = 10.0.40219.1
Project("{FAE04EC0-301F-11D3-BF4B-00C04F79EFBC}") = "webapp", "webapp\webapp.csproj", "{7688D2CF-9BC0-42F7-9A59-3583CBCA16F4}"
EndProject
Global
	GlobalSection(SolutionConfigurationPlatforms) = preSolution
		Debug|Any CPU = Debug|Any CPU
		Release|Any CPU = Release|Any CPU
	EndGlobalSection
	GlobalSection(ProjectConfigurationPlatforms) = postSolution
		{7688D2CF-9BC0-42F7-9A59-3583CBCA16F4}.Debug|Any CPU.ActiveCfg = Debug|Any CPU
		{7688D2CF-9BC0-42F7-9A59-3583CBCA16F4}.Debug|Any CPU.Build.0 = Debug|Any CPU
		{7688D2CF-9BC0-42F7-9A59-3583CBCA16F4}.Release|Any CPU.ActiveCfg = Release|Any CPU
		{7688D2CF-9BC0-42F7-9A59-3583CBCA16F4}.Release|Any CPU.Build.0 = Release|Any CPU
	EndGlobalSection
	GlobalSection(SolutionProperties) = preSolution
		HideSolutionNode = FALSE
	EndGlobalSection
	GlobalSection(ExtensibilityGlobals) = postSolution
		SolutionGuid = {BB9A811D-4DAD-4C66-B4AC-9D8B9CE977A6}
	EndGlobalSection
EndGlobal
